
Microsoft Visual Studio Solution File, Format Version 12.00
# Visual Studio 14
VisualStudioVersion = 14.0.25420.1
MinimumVisualStudioVersion = 10.0.40219.1
Project("{2150E333-8FDC-42A3-9474-1A3956D46DE8}") = "Src", "Src", "{55EAED95-1BC7-4475-B4FD-A0C02AE67955}"
EndProject
Project("{2150E333-8FDC-42A3-9474-1A3956D46DE8}") = "Tests", "Tests", "{EEAF0A40-0F5D-4A5E-BB9D-6FCF5A559414}"
EndProject
Project("{2150E333-8FDC-42A3-9474-1A3956D46DE8}") = "Core", "Core", "{38DB9A97-C316-42BD-8745-1F539ED6C23F}"
EndProject
Project("{FAE04EC0-301F-11D3-BF4B-00C04F79EFBC}") = "Faker.Core", "Faker.Core\Faker.Core.csproj", "{8467B8ED-02EA-4FFE-9C1F-12B4DC1F9C60}"
EndProject
Project("{FAE04EC0-301F-11D3-BF4B-00C04F79EFBC}") = "ConsoleApplication1", "ConsoleApplication1\ConsoleApplication1.csproj", "{19D5FE79-35B7-4527-BB8B-7DD98F7EA37B}"
EndProject
Project("{FAE04EC0-301F-11D3-BF4B-00C04F79EFBC}") = "Faker35", "Faker35\Faker35.csproj", "{1CC7F03E-430C-4E5F-BEE1-01330C9EEA01}"
EndProject
Project("{FAE04EC0-301F-11D3-BF4B-00C04F79EFBC}") = "Faker40", "Faker40\Faker40.csproj", "{804DB5D9-FE07-41FC-89DE-F0E621EEEED9}"
EndProject
Project("{FAE04EC0-301F-11D3-BF4B-00C04F79EFBC}") = "Faker45", "Faker45\Faker45.csproj", "{A8C3AC80-DFC5-4BDF-AB19-4C6E62295366}"
EndProject
Project("{FAE04EC0-301F-11D3-BF4B-00C04F79EFBC}") = "Faker46", "Faker46\Faker46.csproj", "{ECEA46C4-08CA-4CB9-89E6-BBAC50C98ABD}"
EndProject
Global
	GlobalSection(SolutionConfigurationPlatforms) = preSolution
		Debug|Any CPU = Debug|Any CPU
		Release|Any CPU = Release|Any CPU
	EndGlobalSection
	GlobalSection(ProjectConfigurationPlatforms) = postSolution
		{8467B8ED-02EA-4FFE-9C1F-12B4DC1F9C60}.Debug|Any CPU.ActiveCfg = Debug|Any CPU
		{8467B8ED-02EA-4FFE-9C1F-12B4DC1F9C60}.Debug|Any CPU.Build.0 = Debug|Any CPU
		{8467B8ED-02EA-4FFE-9C1F-12B4DC1F9C60}.Release|Any CPU.ActiveCfg = Release|Any CPU
		{8467B8ED-02EA-4FFE-9C1F-12B4DC1F9C60}.Release|Any CPU.Build.0 = Release|Any CPU
		{19D5FE79-35B7-4527-BB8B-7DD98F7EA37B}.Debug|Any CPU.ActiveCfg = Debug|Any CPU
		{19D5FE79-35B7-4527-BB8B-7DD98F7EA37B}.Debug|Any CPU.Build.0 = Debug|Any CPU
		{19D5FE79-35B7-4527-BB8B-7DD98F7EA37B}.Release|Any CPU.ActiveCfg = Release|Any CPU
		{19D5FE79-35B7-4527-BB8B-7DD98F7EA37B}.Release|Any CPU.Build.0 = Release|Any CPU
		{1CC7F03E-430C-4E5F-BEE1-01330C9EEA01}.Debug|Any CPU.ActiveCfg = Debug|Any CPU
		{1CC7F03E-430C-4E5F-BEE1-01330C9EEA01}.Debug|Any CPU.Build.0 = Debug|Any CPU
		{1CC7F03E-430C-4E5F-BEE1-01330C9EEA01}.Release|Any CPU.ActiveCfg = Release|Any CPU
		{1CC7F03E-430C-4E5F-BEE1-01330C9EEA01}.Release|Any CPU.Build.0 = Release|Any CPU
		{804DB5D9-FE07-41FC-89DE-F0E621EEEED9}.Debug|Any CPU.ActiveCfg = Debug|Any CPU
		{804DB5D9-FE07-41FC-89DE-F0E621EEEED9}.Debug|Any CPU.Build.0 = Debug|Any CPU
		{804DB5D9-FE07-41FC-89DE-F0E621EEEED9}.Release|Any CPU.ActiveCfg = Release|Any CPU
		{804DB5D9-FE07-41FC-89DE-F0E621EEEED9}.Release|Any CPU.Build.0 = Release|Any CPU
		{A8C3AC80-DFC5-4BDF-AB19-4C6E62295366}.Debug|Any CPU.ActiveCfg = Debug|Any CPU
		{A8C3AC80-DFC5-4BDF-AB19-4C6E62295366}.Debug|Any CPU.Build.0 = Debug|Any CPU
		{A8C3AC80-DFC5-4BDF-AB19-4C6E62295366}.Release|Any CPU.ActiveCfg = Release|Any CPU
		{A8C3AC80-DFC5-4BDF-AB19-4C6E62295366}.Release|Any CPU.Build.0 = Release|Any CPU
		{ECEA46C4-08CA-4CB9-89E6-BBAC50C98ABD}.Debug|Any CPU.ActiveCfg = Debug|Any CPU
		{ECEA46C4-08CA-4CB9-89E6-BBAC50C98ABD}.Debug|Any CPU.Build.0 = Debug|Any CPU
		{ECEA46C4-08CA-4CB9-89E6-BBAC50C98ABD}.Release|Any CPU.ActiveCfg = Release|Any CPU
		{ECEA46C4-08CA-4CB9-89E6-BBAC50C98ABD}.Release|Any CPU.Build.0 = Release|Any CPU
	EndGlobalSection
	GlobalSection(SolutionProperties) = preSolution
		HideSolutionNode = FALSE
	EndGlobalSection
	GlobalSection(NestedProjects) = preSolution
		{38DB9A97-C316-42BD-8745-1F539ED6C23F} = {55EAED95-1BC7-4475-B4FD-A0C02AE67955}
		{8467B8ED-02EA-4FFE-9C1F-12B4DC1F9C60} = {38DB9A97-C316-42BD-8745-1F539ED6C23F}
		{19D5FE79-35B7-4527-BB8B-7DD98F7EA37B} = {EEAF0A40-0F5D-4A5E-BB9D-6FCF5A559414}
	EndGlobalSection
EndGlobal
